
Microsoft Visual Studio Solution File, Format Version 12.00
# Visual Studio Version 17
VisualStudioVersion = 17.14.36203.30 d17.14
MinimumVisualStudioVersion = 10.0.40219.1
Project("{888888A0-9F3D-457C-B088-3A5042F75D52}") = "quiz 1 part 2", "quiz 1 part 2.pyproj", "{C21CFC14-DD68-42B8-9DDB-0BD3BC64B5EF}"
EndProject
Global
	GlobalSection(SolutionConfigurationPlatforms) = preSolution
		Debug|Any CPU = Debug|Any CPU
		Release|Any CPU = Release|Any CPU
	EndGlobalSection
	GlobalSection(ProjectConfigurationPlatforms) = postSolution
		{C21CFC14-DD68-42B8-9DDB-0BD3BC64B5EF}.Debug|Any CPU.ActiveCfg = Debug|Any CPU
		{C21CFC14-DD68-42B8-9DDB-0BD3BC64B5EF}.Release|Any CPU.ActiveCfg = Release|Any CPU
	EndGlobalSection
	GlobalSection(SolutionProperties) = preSolution
		HideSolutionNode = FALSE
	EndGlobalSection
	GlobalSection(ExtensibilityGlobals) = postSolution
		SolutionGuid = {D0D7B517-F061-4BA2-A913-30D8F473007E}
	EndGlobalSection
EndGlobal
