
Microsoft Visual Studio Solution File, Format Version 12.00
# Visual Studio Version 17
VisualStudioVersion = 17.14.36203.30 d17.14
MinimumVisualStudioVersion = 10.0.40219.1
Project("{888888A0-9F3D-457C-B088-3A5042F75D52}") = "Potato", "Potato.pyproj", "{B19C32F9-56BE-45E3-B4A3-89F0EC2D96D3}"
EndProject
Global
	GlobalSection(SolutionConfigurationPlatforms) = preSolution
		Debug|Any CPU = Debug|Any CPU
		Release|Any CPU = Release|Any CPU
	EndGlobalSection
	GlobalSection(ProjectConfigurationPlatforms) = postSolution
		{B19C32F9-56BE-45E3-B4A3-89F0EC2D96D3}.Debug|Any CPU.ActiveCfg = Debug|Any CPU
		{B19C32F9-56BE-45E3-B4A3-89F0EC2D96D3}.Release|Any CPU.ActiveCfg = Release|Any CPU
	EndGlobalSection
	GlobalSection(SolutionProperties) = preSolution
		HideSolutionNode = FALSE
	EndGlobalSection
	GlobalSection(ExtensibilityGlobals) = postSolution
		SolutionGuid = {562CCD65-7636-445F-9CA8-90F884F74419}
	EndGlobalSection
EndGlobal
