
Microsoft Visual Studio Solution File, Format Version 12.00
# Visual Studio Version 17
VisualStudioVersion = 17.14.36203.30 d17.14
MinimumVisualStudioVersion = 10.0.40219.1
Project("{888888A0-9F3D-457C-B088-3A5042F75D52}") = "block", "block.pyproj", "{9B1BBBE4-7B85-4789-8DD6-EA4FD4F9022F}"
EndProject
Global
	GlobalSection(SolutionConfigurationPlatforms) = preSolution
		Debug|Any CPU = Debug|Any CPU
		Release|Any CPU = Release|Any CPU
	EndGlobalSection
	GlobalSection(ProjectConfigurationPlatforms) = postSolution
		{9B1BBBE4-7B85-4789-8DD6-EA4FD4F9022F}.Debug|Any CPU.ActiveCfg = Debug|Any CPU
		{9B1BBBE4-7B85-4789-8DD6-EA4FD4F9022F}.Release|Any CPU.ActiveCfg = Release|Any CPU
	EndGlobalSection
	GlobalSection(SolutionProperties) = preSolution
		HideSolutionNode = FALSE
	EndGlobalSection
	GlobalSection(ExtensibilityGlobals) = postSolution
		SolutionGuid = {65E5D000-0345-4215-A397-CB4A57A67218}
	EndGlobalSection
EndGlobal
