
Microsoft Visual Studio Solution File, Format Version 12.00
# Visual Studio Version 17
VisualStudioVersion = 17.14.36203.30 d17.14
MinimumVisualStudioVersion = 10.0.40219.1
Project("{888888A0-9F3D-457C-B088-3A5042F75D52}") = "PythonPRATICE", "PythonPRATICE\PythonPRATICE.pyproj", "{8A1C6911-815B-4A9F-8AE7-12C0CD7DF06C}"
EndProject
Global
	GlobalSection(SolutionConfigurationPlatforms) = preSolution
		Debug|Any CPU = Debug|Any CPU
		Release|Any CPU = Release|Any CPU
	EndGlobalSection
	GlobalSection(ProjectConfigurationPlatforms) = postSolution
		{8A1C6911-815B-4A9F-8AE7-12C0CD7DF06C}.Debug|Any CPU.ActiveCfg = Debug|Any CPU
		{8A1C6911-815B-4A9F-8AE7-12C0CD7DF06C}.Release|Any CPU.ActiveCfg = Release|Any CPU
	EndGlobalSection
	GlobalSection(SolutionProperties) = preSolution
		HideSolutionNode = FALSE
	EndGlobalSection
	GlobalSection(ExtensibilityGlobals) = postSolution
		SolutionGuid = {4FE236B2-81B8-4C2B-9E57-BAD5186E1D93}
	EndGlobalSection
EndGlobal
